
Microsoft Visual Studio Solution File, Format Version 12.00
# Visual Studio Version 17
VisualStudioVersion = 17.5.33516.290
MinimumVisualStudioVersion = 10.0.40219.1
Project("{FAE04EC0-301F-11D3-BF4B-00C04F79EFBC}") = "DatingAPI", "DatingAPI\DatingAPI.csproj", "{BEC415C4-8BB3-4856-BB65-9A1B55376C50}"
EndProject
Global
	GlobalSection(SolutionConfigurationPlatforms) = preSolution
		Debug|Any CPU = Debug|Any CPU
		Release|Any CPU = Release|Any CPU
	EndGlobalSection
	GlobalSection(ProjectConfigurationPlatforms) = postSolution
		{BEC415C4-8BB3-4856-BB65-9A1B55376C50}.Debug|Any CPU.ActiveCfg = Debug|Any CPU
		{BEC415C4-8BB3-4856-BB65-9A1B55376C50}.Debug|Any CPU.Build.0 = Debug|Any CPU
		{BEC415C4-8BB3-4856-BB65-9A1B55376C50}.Release|Any CPU.ActiveCfg = Release|Any CPU
		{BEC415C4-8BB3-4856-BB65-9A1B55376C50}.Release|Any CPU.Build.0 = Release|Any CPU
	EndGlobalSection
	GlobalSection(SolutionProperties) = preSolution
		HideSolutionNode = FALSE
	EndGlobalSection
	GlobalSection(ExtensibilityGlobals) = postSolution
		SolutionGuid = {AD6E756E-54E9-44D2-8D5B-B868A298A32B}
	EndGlobalSection
EndGlobal
